
Microsoft Visual Studio Solution File, Format Version 12.00
# Visual Studio Version 17
VisualStudioVersion = 17.2.32616.157
MinimumVisualStudioVersion = 10.0.40219.1
Project("{FAE04EC0-301F-11D3-BF4B-00C04F79EFBC}") = "WindowsFormsApp3", "WindowsFormsApp3\WindowsFormsApp3.csproj", "{4AE8C50E-51C7-4E7B-8574-D6C82A7205A4}"
EndProject
Global
	GlobalSection(SolutionConfigurationPlatforms) = preSolution
		Debug|Any CPU = Debug|Any CPU
		Release|Any CPU = Release|Any CPU
	EndGlobalSection
	GlobalSection(ProjectConfigurationPlatforms) = postSolution
		{4AE8C50E-51C7-4E7B-8574-D6C82A7205A4}.Debug|Any CPU.ActiveCfg = Debug|Any CPU
		{4AE8C50E-51C7-4E7B-8574-D6C82A7205A4}.Debug|Any CPU.Build.0 = Debug|Any CPU
		{4AE8C50E-51C7-4E7B-8574-D6C82A7205A4}.Release|Any CPU.ActiveCfg = Release|Any CPU
		{4AE8C50E-51C7-4E7B-8574-D6C82A7205A4}.Release|Any CPU.Build.0 = Release|Any CPU
	EndGlobalSection
	GlobalSection(SolutionProperties) = preSolution
		HideSolutionNode = FALSE
	EndGlobalSection
	GlobalSection(ExtensibilityGlobals) = postSolution
		SolutionGuid = {6D55FF7C-7303-4257-B2F5-F4335B5DC65E}
	EndGlobalSection
EndGlobal
